{
  "version": 4,
  "terraform_version": "1.5.7",
  "serial": 210,
  "lineage": "7448eb0b-515a-6493-381c-7d36c09e86d2",
  "outputs": {
    "artifact_registry_repository_name": {
      "value": "bsi-audit-repo",
      "type": "string"
    },
    "artifact_registry_repository_url": {
      "value": "europe-west4-docker.pkg.dev/bsi-auditor-3/bsi-audit-repo",
      "type": "string"
    },
    "project_id": {
      "value": "bsi-auditor-3",
      "type": "string"
    },
    "project_number": {
      "value": "60392965036",
      "type": "string"
    },
    "region": {
      "value": "europe-west4",
      "type": "string"
    },
    "service_account_email": {
      "value": "bsi-automator-sa@bsi-auditor-3.iam.gserviceaccount.com",
      "type": "string"
    },
    "vector_index_data_gcs_path": {
      "value": "gs://bsi-auditor-3-audit-data/vector_index_data/",
      "type": "string"
    }
  },
  "resources": [
    {
      "mode": "data",
      "type": "google_project",
      "name": "project",
      "provider": "provider[\"registry.terraform.io/hashicorp/google\"]",
      "instances": [
        {
          "schema_version": 0,
          "attributes": {
            "auto_create_network": null,
            "billing_account": null,
            "deletion_policy": "PREVENT",
            "effective_labels": {},
            "folder_id": null,
            "id": "projects/bsi-auditor-3",
            "labels": {},
            "name": "BSI-auditor-3",
            "number": "60392965036",
            "org_id": null,
            "project_id": "bsi-auditor-3",
            "tags": null,
            "terraform_labels": {}
          },
          "sensitive_attributes": []
        }
      ]
    },
    {
      "mode": "managed",
      "type": "google_artifact_registry_repository",
      "name": "bsi_repo",
      "provider": "provider[\"registry.terraform.io/hashicorp/google-beta\"]",
      "instances": [
        {
          "schema_version": 0,
          "attributes": {
            "cleanup_policies": [],
            "cleanup_policy_dry_run": false,
            "create_time": "2025-07-03T14:47:32.455483Z",
            "description": "Docker repository for BSI Audit Automator jobs",
            "docker_config": [],
            "effective_labels": {
              "goog-terraform-provisioned": "true"
            },
            "format": "DOCKER",
            "id": "projects/bsi-auditor-3/locations/europe-west4/repositories/bsi-audit-repo",
            "kms_key_name": "",
            "labels": null,
            "location": "europe-west4",
            "maven_config": [],
            "mode": "STANDARD_REPOSITORY",
            "name": "bsi-audit-repo",
            "project": "bsi-auditor-3",
            "remote_repository_config": [],
            "repository_id": "bsi-audit-repo",
            "terraform_labels": {
              "goog-terraform-provisioned": "true"
            },
            "timeouts": null,
            "update_time": "2025-07-03T14:47:32.455483Z",
            "virtual_repository_config": [],
            "vulnerability_scanning_config": [
              {
                "enablement_config": "",
                "enablement_state": "SCANNING_DISABLED",
                "enablement_state_reason": "API containerscanning.googleapis.com is not enabled."
              }
            ]
          },
          "sensitive_attributes": [],
          "private": "eyJlMmJmYjczMC1lY2FhLTExZTYtOGY4OC0zNDM2M2JjN2M0YzAiOnsiY3JlYXRlIjoxMjAwMDAwMDAwMDAwLCJkZWxldGUiOjEyMDAwMDAwMDAwMDAsInVwZGF0ZSI6MTIwMDAwMDAwMDAwMH19",
          "dependencies": [
            "google_project_service.project_apis"
          ]
        }
      ]
    },
    {
      "mode": "managed",
      "type": "google_artifact_registry_repository_iam_member",
      "name": "cloudbuild_ar_writer",
      "provider": "provider[\"registry.terraform.io/hashicorp/google\"]",
      "instances": [
        {
          "schema_version": 0,
          "attributes": {
            "condition": [],
            "etag": "BwY5B3W09h0=",
            "id": "projects/bsi-auditor-3/locations/europe-west4/repositories/bsi-audit-repo/roles/artifactregistry.writer/serviceAccount:60392965036@cloudbuild.gserviceaccount.com",
            "location": "europe-west4",
            "member": "serviceAccount:60392965036@cloudbuild.gserviceaccount.com",
            "project": "bsi-auditor-3",
            "repository": "projects/bsi-auditor-3/locations/europe-west4/repositories/bsi-audit-repo",
            "role": "roles/artifactregistry.writer"
          },
          "sensitive_attributes": [],
          "private": "bnVsbA==",
          "dependencies": [
            "google_artifact_registry_repository.bsi_repo",
            "google_project_service.project_apis"
          ]
        }
      ]
    },
    {
      "mode": "managed",
      "type": "google_compute_global_address",
      "name": "peering_range",
      "provider": "provider[\"registry.terraform.io/hashicorp/google\"]",
      "instances": [
        {
          "schema_version": 0,
          "attributes": {
            "address": "10.27.0.0",
            "address_type": "INTERNAL",
            "creation_timestamp": "2025-07-03T07:47:44.434-07:00",
            "description": "",
            "effective_labels": {
              "goog-terraform-provisioned": "true"
            },
            "id": "projects/bsi-auditor-3/global/addresses/vertex-ai-peering-range",
            "ip_version": "",
            "label_fingerprint": "vezUS-42LLM=",
            "labels": null,
            "name": "vertex-ai-peering-range",
            "network": "https://www.googleapis.com/compute/v1/projects/bsi-auditor-3/global/networks/bsi-audit-vpc",
            "prefix_length": 16,
            "project": "bsi-auditor-3",
            "purpose": "VPC_PEERING",
            "self_link": "https://www.googleapis.com/compute/v1/projects/bsi-auditor-3/global/addresses/vertex-ai-peering-range",
            "terraform_labels": {
              "goog-terraform-provisioned": "true"
            },
            "timeouts": null
          },
          "sensitive_attributes": [],
          "private": "eyJlMmJmYjczMC1lY2FhLTExZTYtOGY4OC0zNDM2M2JjN2M0YzAiOnsiY3JlYXRlIjoxMjAwMDAwMDAwMDAwLCJkZWxldGUiOjEyMDAwMDAwMDAwMDAsInVwZGF0ZSI6MTIwMDAwMDAwMDAwMH19",
          "dependencies": [
            "google_compute_network.bsi_vpc",
            "google_project_service.project_apis"
          ]
        }
      ]
    },
    {
      "mode": "managed",
      "type": "google_compute_network",
      "name": "bsi_vpc",
      "provider": "provider[\"registry.terraform.io/hashicorp/google\"]",
      "instances": [
        {
          "schema_version": 0,
          "attributes": {
            "auto_create_subnetworks": false,
            "bgp_always_compare_med": false,
            "bgp_best_path_selection_mode": "LEGACY",
            "bgp_inter_region_cost": "",
            "delete_default_routes_on_create": false,
            "description": "",
            "enable_ula_internal_ipv6": false,
            "gateway_ipv4": "",
            "id": "projects/bsi-auditor-3/global/networks/bsi-audit-vpc",
            "internal_ipv6_range": "",
            "mtu": 0,
            "name": "bsi-audit-vpc",
            "network_firewall_policy_enforcement_order": "AFTER_CLASSIC_FIREWALL",
            "network_id": "7258052386035018005",
            "network_profile": "",
            "numeric_id": "7258052386035018005",
            "project": "bsi-auditor-3",
            "routing_mode": "REGIONAL",
            "self_link": "https://www.googleapis.com/compute/v1/projects/bsi-auditor-3/global/networks/bsi-audit-vpc",
            "timeouts": null
          },
          "sensitive_attributes": [],
          "private": "eyJlMmJmYjczMC1lY2FhLTExZTYtOGY4OC0zNDM2M2JjN2M0YzAiOnsiY3JlYXRlIjoxMjAwMDAwMDAwMDAwLCJkZWxldGUiOjEyMDAwMDAwMDAwMDAsInVwZGF0ZSI6MTIwMDAwMDAwMDAwMH19",
          "dependencies": [
            "google_project_service.project_apis"
          ]
        }
      ]
    },
    {
      "mode": "managed",
      "type": "google_project_iam_member",
      "name": "sa_vertex_access",
      "provider": "provider[\"registry.terraform.io/hashicorp/google\"]",
      "instances": [
        {
          "schema_version": 0,
          "attributes": {
            "condition": [],
            "etag": "BwY5B3VtoZA=",
            "id": "bsi-auditor-3/roles/aiplatform.user/serviceAccount:bsi-automator-sa@bsi-auditor-3.iam.gserviceaccount.com",
            "member": "serviceAccount:bsi-automator-sa@bsi-auditor-3.iam.gserviceaccount.com",
            "project": "bsi-auditor-3",
            "role": "roles/aiplatform.user"
          },
          "sensitive_attributes": [],
          "private": "bnVsbA==",
          "dependencies": [
            "google_project_service.project_apis",
            "google_service_account.bsi_job_sa"
          ]
        }
      ]
    },
    {
      "mode": "managed",
      "type": "google_project_service",
      "name": "project_apis",
      "provider": "provider[\"registry.terraform.io/hashicorp/google\"]",
      "instances": [
        {
          "index_key": "aiplatform.googleapis.com",
          "schema_version": 0,
          "attributes": {
            "disable_dependent_services": null,
            "disable_on_destroy": false,
            "id": "bsi-auditor-3/aiplatform.googleapis.com",
            "project": "bsi-auditor-3",
            "service": "aiplatform.googleapis.com",
            "timeouts": null
          },
          "sensitive_attributes": [],
          "private": "eyJlMmJmYjczMC1lY2FhLTExZTYtOGY4OC0zNDM2M2JjN2M0YzAiOnsiY3JlYXRlIjoxMjAwMDAwMDAwMDAwLCJkZWxldGUiOjEyMDAwMDAwMDAwMDAsInJlYWQiOjYwMDAwMDAwMDAwMCwidXBkYXRlIjoxMjAwMDAwMDAwMDAwfX0="
        },
        {
          "index_key": "artifactregistry.googleapis.com",
          "schema_version": 0,
          "attributes": {
            "disable_dependent_services": null,
            "disable_on_destroy": false,
            "id": "bsi-auditor-3/artifactregistry.googleapis.com",
            "project": "bsi-auditor-3",
            "service": "artifactregistry.googleapis.com",
            "timeouts": null
          },
          "sensitive_attributes": [],
          "private": "eyJlMmJmYjczMC1lY2FhLTExZTYtOGY4OC0zNDM2M2JjN2M0YzAiOnsiY3JlYXRlIjoxMjAwMDAwMDAwMDAwLCJkZWxldGUiOjEyMDAwMDAwMDAwMDAsInJlYWQiOjYwMDAwMDAwMDAwMCwidXBkYXRlIjoxMjAwMDAwMDAwMDAwfX0="
        },
        {
          "index_key": "cloudbuild.googleapis.com",
          "schema_version": 0,
          "attributes": {
            "disable_dependent_services": null,
            "disable_on_destroy": false,
            "id": "bsi-auditor-3/cloudbuild.googleapis.com",
            "project": "bsi-auditor-3",
            "service": "cloudbuild.googleapis.com",
            "timeouts": null
          },
          "sensitive_attributes": [],
          "private": "eyJlMmJmYjczMC1lY2FhLTExZTYtOGY4OC0zNDM2M2JjN2M0YzAiOnsiY3JlYXRlIjoxMjAwMDAwMDAwMDAwLCJkZWxldGUiOjEyMDAwMDAwMDAwMDAsInJlYWQiOjYwMDAwMDAwMDAwMCwidXBkYXRlIjoxMjAwMDAwMDAwMDAwfX0="
        },
        {
          "index_key": "cloudresourcemanager.googleapis.com",
          "schema_version": 0,
          "attributes": {
            "disable_dependent_services": null,
            "disable_on_destroy": false,
            "id": "bsi-auditor-3/cloudresourcemanager.googleapis.com",
            "project": "bsi-auditor-3",
            "service": "cloudresourcemanager.googleapis.com",
            "timeouts": null
          },
          "sensitive_attributes": [],
          "private": "eyJlMmJmYjczMC1lY2FhLTExZTYtOGY4OC0zNDM2M2JjN2M0YzAiOnsiY3JlYXRlIjoxMjAwMDAwMDAwMDAwLCJkZWxldGUiOjEyMDAwMDAwMDAwMDAsInJlYWQiOjYwMDAwMDAwMDAwMCwidXBkYXRlIjoxMjAwMDAwMDAwMDAwfX0="
        },
        {
          "index_key": "compute.googleapis.com",
          "schema_version": 0,
          "attributes": {
            "disable_dependent_services": null,
            "disable_on_destroy": false,
            "id": "bsi-auditor-3/compute.googleapis.com",
            "project": "bsi-auditor-3",
            "service": "compute.googleapis.com",
            "timeouts": null
          },
          "sensitive_attributes": [],
          "private": "eyJlMmJmYjczMC1lY2FhLTExZTYtOGY4OC0zNDM2M2JjN2M0YzAiOnsiY3JlYXRlIjoxMjAwMDAwMDAwMDAwLCJkZWxldGUiOjEyMDAwMDAwMDAwMDAsInJlYWQiOjYwMDAwMDAwMDAwMCwidXBkYXRlIjoxMjAwMDAwMDAwMDAwfX0="
        },
        {
          "index_key": "iam.googleapis.com",
          "schema_version": 0,
          "attributes": {
            "disable_dependent_services": null,
            "disable_on_destroy": false,
            "id": "bsi-auditor-3/iam.googleapis.com",
            "project": "bsi-auditor-3",
            "service": "iam.googleapis.com",
            "timeouts": null
          },
          "sensitive_attributes": [],
          "private": "eyJlMmJmYjczMC1lY2FhLTExZTYtOGY4OC0zNDM2M2JjN2M0YzAiOnsiY3JlYXRlIjoxMjAwMDAwMDAwMDAwLCJkZWxldGUiOjEyMDAwMDAwMDAwMDAsInJlYWQiOjYwMDAwMDAwMDAwMCwidXBkYXRlIjoxMjAwMDAwMDAwMDAwfX0="
        },
        {
          "index_key": "run.googleapis.com",
          "schema_version": 0,
          "attributes": {
            "disable_dependent_services": null,
            "disable_on_destroy": false,
            "id": "bsi-auditor-3/run.googleapis.com",
            "project": "bsi-auditor-3",
            "service": "run.googleapis.com",
            "timeouts": null
          },
          "sensitive_attributes": [],
          "private": "eyJlMmJmYjczMC1lY2FhLTExZTYtOGY4OC0zNDM2M2JjN2M0YzAiOnsiY3JlYXRlIjoxMjAwMDAwMDAwMDAwLCJkZWxldGUiOjEyMDAwMDAwMDAwMDAsInJlYWQiOjYwMDAwMDAwMDAwMCwidXBkYXRlIjoxMjAwMDAwMDAwMDAwfX0="
        },
        {
          "index_key": "servicenetworking.googleapis.com",
          "schema_version": 0,
          "attributes": {
            "disable_dependent_services": null,
            "disable_on_destroy": false,
            "id": "bsi-auditor-3/servicenetworking.googleapis.com",
            "project": "bsi-auditor-3",
            "service": "servicenetworking.googleapis.com",
            "timeouts": null
          },
          "sensitive_attributes": [],
          "private": "eyJlMmJmYjczMC1lY2FhLTExZTYtOGY4OC0zNDM2M2JjN2M0YzAiOnsiY3JlYXRlIjoxMjAwMDAwMDAwMDAwLCJkZWxldGUiOjEyMDAwMDAwMDAwMDAsInJlYWQiOjYwMDAwMDAwMDAwMCwidXBkYXRlIjoxMjAwMDAwMDAwMDAwfX0="
        },
        {
          "index_key": "storage.googleapis.com",
          "schema_version": 0,
          "attributes": {
            "disable_dependent_services": null,
            "disable_on_destroy": false,
            "id": "bsi-auditor-3/storage.googleapis.com",
            "project": "bsi-auditor-3",
            "service": "storage.googleapis.com",
            "timeouts": null
          },
          "sensitive_attributes": [],
          "private": "eyJlMmJmYjczMC1lY2FhLTExZTYtOGY4OC0zNDM2M2JjN2M0YzAiOnsiY3JlYXRlIjoxMjAwMDAwMDAwMDAwLCJkZWxldGUiOjEyMDAwMDAwMDAwMDAsInJlYWQiOjYwMDAwMDAwMDAwMCwidXBkYXRlIjoxMjAwMDAwMDAwMDAwfX0="
        }
      ]
    },
    {
      "mode": "managed",
      "type": "google_service_account",
      "name": "bsi_job_sa",
      "provider": "provider[\"registry.terraform.io/hashicorp/google\"]",
      "instances": [
        {
          "schema_version": 0,
          "attributes": {
            "account_id": "bsi-automator-sa",
            "create_ignore_already_exists": null,
            "description": "",
            "disabled": false,
            "display_name": "Service Account for BSI Audit Automator Job",
            "email": "bsi-automator-sa@bsi-auditor-3.iam.gserviceaccount.com",
            "id": "projects/bsi-auditor-3/serviceAccounts/bsi-automator-sa@bsi-auditor-3.iam.gserviceaccount.com",
            "member": "serviceAccount:bsi-automator-sa@bsi-auditor-3.iam.gserviceaccount.com",
            "name": "projects/bsi-auditor-3/serviceAccounts/bsi-automator-sa@bsi-auditor-3.iam.gserviceaccount.com",
            "project": "bsi-auditor-3",
            "timeouts": null,
            "unique_id": "112793482490456162643"
          },
          "sensitive_attributes": [],
          "private": "eyJlMmJmYjczMC1lY2FhLTExZTYtOGY4OC0zNDM2M2JjN2M0YzAiOnsiY3JlYXRlIjozMDAwMDAwMDAwMDB9fQ==",
          "dependencies": [
            "google_project_service.project_apis"
          ]
        }
      ]
    },
    {
      "mode": "managed",
      "type": "google_service_networking_connection",
      "name": "vertex_vpc_connection",
      "provider": "provider[\"registry.terraform.io/hashicorp/google\"]",
      "instances": [
        {
          "schema_version": 0,
          "attributes": {
            "deletion_policy": null,
            "id": "projects%2Fbsi-auditor-3%2Fglobal%2Fnetworks%2Fbsi-audit-vpc:servicenetworking.googleapis.com",
            "network": "projects/bsi-auditor-3/global/networks/bsi-audit-vpc",
            "peering": "servicenetworking-googleapis-com",
            "reserved_peering_ranges": [
              "vertex-ai-peering-range"
            ],
            "service": "servicenetworking.googleapis.com",
            "timeouts": null,
            "update_on_creation_fail": null
          },
          "sensitive_attributes": [],
          "private": "eyJlMmJmYjczMC1lY2FhLTExZTYtOGY4OC0zNDM2M2JjN2M0YzAiOnsiY3JlYXRlIjo2MDAwMDAwMDAwMDAsImRlbGV0ZSI6NjAwMDAwMDAwMDAwLCJ1cGRhdGUiOjYwMDAwMDAwMDAwMH19",
          "dependencies": [
            "google_compute_global_address.peering_range",
            "google_compute_network.bsi_vpc",
            "google_project_service.project_apis"
          ]
        }
      ]
    },
    {
      "mode": "managed",
      "type": "google_storage_bucket",
      "name": "bsi_audit_bucket",
      "provider": "provider[\"registry.terraform.io/hashicorp/google\"]",
      "instances": [
        {
          "schema_version": 3,
          "attributes": {
            "autoclass": [],
            "cors": [],
            "custom_placement_config": [],
            "default_event_based_hold": false,
            "effective_labels": {
              "goog-terraform-provisioned": "true"
            },
            "enable_object_retention": false,
            "encryption": [],
            "force_destroy": true,
            "hierarchical_namespace": [
              {
                "enabled": false
              }
            ],
            "id": "bsi-auditor-3-audit-data",
            "ip_filter": [],
            "labels": null,
            "lifecycle_rule": [],
            "location": "EUROPE-WEST4",
            "logging": [],
            "name": "bsi-auditor-3-audit-data",
            "project": "bsi-auditor-3",
            "project_number": 60392965036,
            "public_access_prevention": "inherited",
            "requester_pays": false,
            "retention_policy": [],
            "rpo": null,
            "self_link": "https://www.googleapis.com/storage/v1/b/bsi-auditor-3-audit-data",
            "soft_delete_policy": [
              {
                "effective_time": "2025-07-03T14:47:22.673Z",
                "retention_duration_seconds": 604800
              }
            ],
            "storage_class": "STANDARD",
            "terraform_labels": {
              "goog-terraform-provisioned": "true"
            },
            "time_created": "2025-07-03T14:47:22.673Z",
            "timeouts": null,
            "uniform_bucket_level_access": true,
            "updated": "2025-07-03T14:47:22.673Z",
            "url": "gs://bsi-auditor-3-audit-data",
            "versioning": [],
            "website": []
          },
          "sensitive_attributes": [],
          "private": "eyJlMmJmYjczMC1lY2FhLTExZTYtOGY4OC0zNDM2M2JjN2M0YzAiOnsiY3JlYXRlIjo2MDAwMDAwMDAwMDAsInJlYWQiOjI0MDAwMDAwMDAwMCwidXBkYXRlIjoyNDAwMDAwMDAwMDB9LCJzY2hlbWFfdmVyc2lvbiI6IjMifQ==",
          "dependencies": [
            "google_project_service.project_apis"
          ]
        }
      ]
    },
    {
      "mode": "managed",
      "type": "google_storage_bucket_iam_member",
      "name": "sa_gcs_access",
      "provider": "provider[\"registry.terraform.io/hashicorp/google\"]",
      "instances": [
        {
          "schema_version": 0,
          "attributes": {
            "bucket": "b/bsi-auditor-3-audit-data",
            "condition": [],
            "etag": "CAI=",
            "id": "b/bsi-auditor-3-audit-data/roles/storage.objectAdmin/serviceAccount:bsi-automator-sa@bsi-auditor-3.iam.gserviceaccount.com",
            "member": "serviceAccount:bsi-automator-sa@bsi-auditor-3.iam.gserviceaccount.com",
            "role": "roles/storage.objectAdmin"
          },
          "sensitive_attributes": [],
          "private": "bnVsbA==",
          "dependencies": [
            "google_project_service.project_apis",
            "google_service_account.bsi_job_sa",
            "google_storage_bucket.bsi_audit_bucket"
          ]
        }
      ]
    },
    {
      "mode": "managed",
      "type": "google_storage_bucket_object",
      "name": "json_placeholder",
      "provider": "provider[\"registry.terraform.io/hashicorp/google\"]",
      "instances": [
        {
          "schema_version": 0,
          "attributes": {
            "bucket": "bsi-auditor-3-audit-data",
            "cache_control": "",
            "content": "[]",
            "content_disposition": "",
            "content_encoding": "",
            "content_language": "",
            "content_type": "application/json",
            "crc32c": "dk29dg==",
            "customer_encryption": [],
            "detect_md5hash": "11FxOYiYfpMxmANj4kGJzg==",
            "event_based_hold": false,
            "generation": 1751554043612301,
            "id": "bsi-auditor-3-audit-data-vector_index_data/placeholder.json",
            "kms_key_name": "",
            "md5hash": "11FxOYiYfpMxmANj4kGJzg==",
            "md5hexhash": "d751713988987e9331980363e24189ce",
            "media_link": "https://storage.googleapis.com/download/storage/v1/b/bsi-auditor-3-audit-data/o/vector_index_data%2Fplaceholder.json?generation=1751554043612301\u0026alt=media",
            "metadata": null,
            "name": "vector_index_data/placeholder.json",
            "output_name": "vector_index_data/placeholder.json",
            "retention": [],
            "self_link": "https://www.googleapis.com/storage/v1/b/bsi-auditor-3-audit-data/o/vector_index_data%2Fplaceholder.json",
            "source": null,
            "source_md5hash": "",
            "storage_class": "STANDARD",
            "temporary_hold": false,
            "timeouts": null
          },
          "sensitive_attributes": [],
          "private": "eyJlMmJmYjczMC1lY2FhLTExZTYtOGY4OC0zNDM2M2JjN2M0YzAiOnsiY3JlYXRlIjoyNDAwMDAwMDAwMDAsImRlbGV0ZSI6MjQwMDAwMDAwMDAwLCJ1cGRhdGUiOjI0MDAwMDAwMDAwMH19",
          "dependencies": [
            "google_project_service.project_apis",
            "google_storage_bucket.bsi_audit_bucket"
          ]
        }
      ]
    },
    {
      "mode": "managed",
      "type": "google_vertex_ai_index_endpoint",
      "name": "bsi_audit_endpoint",
      "provider": "provider[\"registry.terraform.io/hashicorp/google\"]",
      "instances": []
    }
  ],
  "check_results": null
}
