{
  "version": 4,
  "terraform_version": "1.5.7",
  "serial": 45,
  "lineage": "7448eb0b-515a-6493-381c-7d36c09e86d2",
  "outputs": {
    "artifact_registry_repository_url": {
      "value": "europe-west4-docker.pkg.dev/bsi-audit-2/bsi-audit-repo",
      "type": "string"
    },
    "service_account_email": {
      "value": "bsi-automator-sa@bsi-audit-2.iam.gserviceaccount.com",
      "type": "string"
    },
    "vector_index_data_gcs_path": {
      "value": "gs://bsi-audit-2-kunde-x-audit-data/kunde-x/vector_index_data/",
      "type": "string"
    },
    "vertex_ai_index_endpoint_id": {
      "value": "projects/bsi-audit-2/locations/europe-west4/indexEndpoints/5433329067631837184",
      "type": "string"
    },
    "vertex_ai_index_endpoint_public_domain": {
      "value": "",
      "type": "string"
    }
  },
  "resources": [
    {
      "mode": "managed",
      "type": "google_artifact_registry_repository",
      "name": "bsi_repo",
      "provider": "provider[\"registry.terraform.io/hashicorp/google-beta\"]",
      "instances": [
        {
          "schema_version": 0,
          "attributes": {
            "cleanup_policies": [],
            "cleanup_policy_dry_run": false,
            "create_time": "2025-07-01T13:24:27.780785Z",
            "description": "Docker repository for BSI Audit Automator jobs",
            "docker_config": [],
            "effective_labels": {
              "goog-terraform-provisioned": "true"
            },
            "format": "DOCKER",
            "id": "projects/bsi-audit-2/locations/europe-west4/repositories/bsi-audit-repo",
            "kms_key_name": "",
            "labels": null,
            "location": "europe-west4",
            "maven_config": [],
            "mode": "STANDARD_REPOSITORY",
            "name": "bsi-audit-repo",
            "project": "bsi-audit-2",
            "remote_repository_config": [],
            "repository_id": "bsi-audit-repo",
            "terraform_labels": {
              "goog-terraform-provisioned": "true"
            },
            "timeouts": null,
            "update_time": "2025-07-01T13:24:27.780785Z",
            "virtual_repository_config": [],
            "vulnerability_scanning_config": [
              {
                "enablement_config": "",
                "enablement_state": "SCANNING_DISABLED",
                "enablement_state_reason": "API containerscanning.googleapis.com is not enabled."
              }
            ]
          },
          "sensitive_attributes": [],
          "private": "eyJlMmJmYjczMC1lY2FhLTExZTYtOGY4OC0zNDM2M2JjN2M0YzAiOnsiY3JlYXRlIjoxMjAwMDAwMDAwMDAwLCJkZWxldGUiOjEyMDAwMDAwMDAwMDAsInVwZGF0ZSI6MTIwMDAwMDAwMDAwMH19",
          "dependencies": [
            "google_project_service.project_apis"
          ]
        }
      ]
    },
    {
      "mode": "managed",
      "type": "google_artifact_registry_repository_iam_member",
      "name": "cloudbuild_ar_writer",
      "provider": "provider[\"registry.terraform.io/hashicorp/google\"]",
      "instances": [
        {
          "schema_version": 0,
          "attributes": {
            "condition": [],
            "etag": "BwY43hDkM20=",
            "id": "projects/bsi-audit-2/locations/europe-west4/repositories/bsi-audit-repo/roles/artifactregistry.writer/serviceAccount:332161338002@cloudbuild.gserviceaccount.com",
            "location": "europe-west4",
            "member": "serviceAccount:332161338002@cloudbuild.gserviceaccount.com",
            "project": "bsi-audit-2",
            "repository": "projects/bsi-audit-2/locations/europe-west4/repositories/bsi-audit-repo",
            "role": "roles/artifactregistry.writer"
          },
          "sensitive_attributes": [],
          "private": "bnVsbA==",
          "dependencies": [
            "google_artifact_registry_repository.bsi_repo",
            "google_project_service.project_apis"
          ]
        }
      ]
    },
    {
      "mode": "managed",
      "type": "google_compute_global_address",
      "name": "peering_range",
      "provider": "provider[\"registry.terraform.io/hashicorp/google\"]",
      "instances": [
        {
          "schema_version": 0,
          "attributes": {
            "address": "10.97.0.0",
            "address_type": "INTERNAL",
            "creation_timestamp": "2025-07-01T06:24:38.953-07:00",
            "description": "",
            "effective_labels": {
              "goog-terraform-provisioned": "true"
            },
            "id": "projects/bsi-audit-2/global/addresses/vertex-ai-peering-range",
            "ip_version": "",
            "label_fingerprint": "vezUS-42LLM=",
            "labels": null,
            "name": "vertex-ai-peering-range",
            "network": "https://www.googleapis.com/compute/v1/projects/bsi-audit-2/global/networks/bsi-audit-vpc",
            "prefix_length": 16,
            "project": "bsi-audit-2",
            "purpose": "VPC_PEERING",
            "self_link": "https://www.googleapis.com/compute/v1/projects/bsi-audit-2/global/addresses/vertex-ai-peering-range",
            "terraform_labels": {
              "goog-terraform-provisioned": "true"
            },
            "timeouts": null
          },
          "sensitive_attributes": [],
          "private": "eyJlMmJmYjczMC1lY2FhLTExZTYtOGY4OC0zNDM2M2JjN2M0YzAiOnsiY3JlYXRlIjoxMjAwMDAwMDAwMDAwLCJkZWxldGUiOjEyMDAwMDAwMDAwMDAsInVwZGF0ZSI6MTIwMDAwMDAwMDAwMH19",
          "dependencies": [
            "google_compute_network.bsi_vpc",
            "google_project_service.project_apis"
          ]
        }
      ]
    },
    {
      "mode": "managed",
      "type": "google_compute_network",
      "name": "bsi_vpc",
      "provider": "provider[\"registry.terraform.io/hashicorp/google\"]",
      "instances": [
        {
          "schema_version": 0,
          "attributes": {
            "auto_create_subnetworks": false,
            "bgp_always_compare_med": false,
            "bgp_best_path_selection_mode": "LEGACY",
            "bgp_inter_region_cost": "",
            "delete_default_routes_on_create": false,
            "description": "",
            "enable_ula_internal_ipv6": false,
            "gateway_ipv4": "",
            "id": "projects/bsi-audit-2/global/networks/bsi-audit-vpc",
            "internal_ipv6_range": "",
            "mtu": 0,
            "name": "bsi-audit-vpc",
            "network_firewall_policy_enforcement_order": "AFTER_CLASSIC_FIREWALL",
            "network_id": "4651983260091309924",
            "network_profile": "",
            "numeric_id": "4651983260091309924",
            "project": "bsi-audit-2",
            "routing_mode": "REGIONAL",
            "self_link": "https://www.googleapis.com/compute/v1/projects/bsi-audit-2/global/networks/bsi-audit-vpc",
            "timeouts": null
          },
          "sensitive_attributes": [],
          "private": "eyJlMmJmYjczMC1lY2FhLTExZTYtOGY4OC0zNDM2M2JjN2M0YzAiOnsiY3JlYXRlIjoxMjAwMDAwMDAwMDAwLCJkZWxldGUiOjEyMDAwMDAwMDAwMDAsInVwZGF0ZSI6MTIwMDAwMDAwMDAwMH19",
          "dependencies": [
            "google_project_service.project_apis"
          ]
        }
      ]
    },
    {
      "mode": "managed",
      "type": "google_project_iam_member",
      "name": "sa_vertex_access",
      "provider": "provider[\"registry.terraform.io/hashicorp/google\"]",
      "instances": [
        {
          "schema_version": 0,
          "attributes": {
            "condition": [],
            "etag": "BwY43hExYiM=",
            "id": "bsi-audit-2/roles/aiplatform.user/serviceAccount:bsi-automator-sa@bsi-audit-2.iam.gserviceaccount.com",
            "member": "serviceAccount:bsi-automator-sa@bsi-audit-2.iam.gserviceaccount.com",
            "project": "bsi-audit-2",
            "role": "roles/aiplatform.user"
          },
          "sensitive_attributes": [],
          "private": "bnVsbA==",
          "dependencies": [
            "google_project_service.project_apis",
            "google_service_account.bsi_job_sa"
          ]
        }
      ]
    },
    {
      "mode": "managed",
      "type": "google_project_service",
      "name": "project_apis",
      "provider": "provider[\"registry.terraform.io/hashicorp/google\"]",
      "instances": [
        {
          "index_key": "aiplatform.googleapis.com",
          "schema_version": 0,
          "attributes": {
            "disable_dependent_services": null,
            "disable_on_destroy": false,
            "id": "bsi-audit-2/aiplatform.googleapis.com",
            "project": "bsi-audit-2",
            "service": "aiplatform.googleapis.com",
            "timeouts": null
          },
          "sensitive_attributes": [],
          "private": "eyJlMmJmYjczMC1lY2FhLTExZTYtOGY4OC0zNDM2M2JjN2M0YzAiOnsiY3JlYXRlIjoxMjAwMDAwMDAwMDAwLCJkZWxldGUiOjEyMDAwMDAwMDAwMDAsInJlYWQiOjYwMDAwMDAwMDAwMCwidXBkYXRlIjoxMjAwMDAwMDAwMDAwfX0="
        },
        {
          "index_key": "artifactregistry.googleapis.com",
          "schema_version": 0,
          "attributes": {
            "disable_dependent_services": null,
            "disable_on_destroy": false,
            "id": "bsi-audit-2/artifactregistry.googleapis.com",
            "project": "bsi-audit-2",
            "service": "artifactregistry.googleapis.com",
            "timeouts": null
          },
          "sensitive_attributes": [],
          "private": "eyJlMmJmYjczMC1lY2FhLTExZTYtOGY4OC0zNDM2M2JjN2M0YzAiOnsiY3JlYXRlIjoxMjAwMDAwMDAwMDAwLCJkZWxldGUiOjEyMDAwMDAwMDAwMDAsInJlYWQiOjYwMDAwMDAwMDAwMCwidXBkYXRlIjoxMjAwMDAwMDAwMDAwfX0="
        },
        {
          "index_key": "cloudbuild.googleapis.com",
          "schema_version": 0,
          "attributes": {
            "disable_dependent_services": null,
            "disable_on_destroy": false,
            "id": "bsi-audit-2/cloudbuild.googleapis.com",
            "project": "bsi-audit-2",
            "service": "cloudbuild.googleapis.com",
            "timeouts": null
          },
          "sensitive_attributes": [],
          "private": "eyJlMmJmYjczMC1lY2FhLTExZTYtOGY4OC0zNDM2M2JjN2M0YzAiOnsiY3JlYXRlIjoxMjAwMDAwMDAwMDAwLCJkZWxldGUiOjEyMDAwMDAwMDAwMDAsInJlYWQiOjYwMDAwMDAwMDAwMCwidXBkYXRlIjoxMjAwMDAwMDAwMDAwfX0="
        },
        {
          "index_key": "cloudresourcemanager.googleapis.com",
          "schema_version": 0,
          "attributes": {
            "disable_dependent_services": null,
            "disable_on_destroy": false,
            "id": "bsi-audit-2/cloudresourcemanager.googleapis.com",
            "project": "bsi-audit-2",
            "service": "cloudresourcemanager.googleapis.com",
            "timeouts": null
          },
          "sensitive_attributes": [],
          "private": "eyJlMmJmYjczMC1lY2FhLTExZTYtOGY4OC0zNDM2M2JjN2M0YzAiOnsiY3JlYXRlIjoxMjAwMDAwMDAwMDAwLCJkZWxldGUiOjEyMDAwMDAwMDAwMDAsInJlYWQiOjYwMDAwMDAwMDAwMCwidXBkYXRlIjoxMjAwMDAwMDAwMDAwfX0="
        },
        {
          "index_key": "compute.googleapis.com",
          "schema_version": 0,
          "attributes": {
            "disable_dependent_services": null,
            "disable_on_destroy": false,
            "id": "bsi-audit-2/compute.googleapis.com",
            "project": "bsi-audit-2",
            "service": "compute.googleapis.com",
            "timeouts": null
          },
          "sensitive_attributes": [],
          "private": "eyJlMmJmYjczMC1lY2FhLTExZTYtOGY4OC0zNDM2M2JjN2M0YzAiOnsiY3JlYXRlIjoxMjAwMDAwMDAwMDAwLCJkZWxldGUiOjEyMDAwMDAwMDAwMDAsInJlYWQiOjYwMDAwMDAwMDAwMCwidXBkYXRlIjoxMjAwMDAwMDAwMDAwfX0="
        },
        {
          "index_key": "run.googleapis.com",
          "schema_version": 0,
          "attributes": {
            "disable_dependent_services": null,
            "disable_on_destroy": false,
            "id": "bsi-audit-2/run.googleapis.com",
            "project": "bsi-audit-2",
            "service": "run.googleapis.com",
            "timeouts": null
          },
          "sensitive_attributes": [],
          "private": "eyJlMmJmYjczMC1lY2FhLTExZTYtOGY4OC0zNDM2M2JjN2M0YzAiOnsiY3JlYXRlIjoxMjAwMDAwMDAwMDAwLCJkZWxldGUiOjEyMDAwMDAwMDAwMDAsInJlYWQiOjYwMDAwMDAwMDAwMCwidXBkYXRlIjoxMjAwMDAwMDAwMDAwfX0="
        },
        {
          "index_key": "storage.googleapis.com",
          "schema_version": 0,
          "attributes": {
            "disable_dependent_services": null,
            "disable_on_destroy": false,
            "id": "bsi-audit-2/storage.googleapis.com",
            "project": "bsi-audit-2",
            "service": "storage.googleapis.com",
            "timeouts": null
          },
          "sensitive_attributes": [],
          "private": "eyJlMmJmYjczMC1lY2FhLTExZTYtOGY4OC0zNDM2M2JjN2M0YzAiOnsiY3JlYXRlIjoxMjAwMDAwMDAwMDAwLCJkZWxldGUiOjEyMDAwMDAwMDAwMDAsInJlYWQiOjYwMDAwMDAwMDAwMCwidXBkYXRlIjoxMjAwMDAwMDAwMDAwfX0="
        }
      ]
    },
    {
      "mode": "managed",
      "type": "google_service_account",
      "name": "bsi_job_sa",
      "provider": "provider[\"registry.terraform.io/hashicorp/google\"]",
      "instances": [
        {
          "schema_version": 0,
          "attributes": {
            "account_id": "bsi-automator-sa",
            "create_ignore_already_exists": null,
            "description": "",
            "disabled": false,
            "display_name": "Service Account for BSI Audit Automator Job",
            "email": "bsi-automator-sa@bsi-audit-2.iam.gserviceaccount.com",
            "id": "projects/bsi-audit-2/serviceAccounts/bsi-automator-sa@bsi-audit-2.iam.gserviceaccount.com",
            "member": "serviceAccount:bsi-automator-sa@bsi-audit-2.iam.gserviceaccount.com",
            "name": "projects/bsi-audit-2/serviceAccounts/bsi-automator-sa@bsi-audit-2.iam.gserviceaccount.com",
            "project": "bsi-audit-2",
            "timeouts": null,
            "unique_id": "105417318353747271302"
          },
          "sensitive_attributes": [],
          "private": "eyJlMmJmYjczMC1lY2FhLTExZTYtOGY4OC0zNDM2M2JjN2M0YzAiOnsiY3JlYXRlIjozMDAwMDAwMDAwMDB9fQ==",
          "dependencies": [
            "google_project_service.project_apis"
          ]
        }
      ]
    },
    {
      "mode": "managed",
      "type": "google_storage_bucket",
      "name": "bsi_audit_bucket",
      "provider": "provider[\"registry.terraform.io/hashicorp/google\"]",
      "instances": [
        {
          "schema_version": 3,
          "attributes": {
            "autoclass": [],
            "cors": [],
            "custom_placement_config": [],
            "default_event_based_hold": false,
            "effective_labels": {
              "goog-terraform-provisioned": "true"
            },
            "enable_object_retention": false,
            "encryption": [],
            "force_destroy": true,
            "hierarchical_namespace": [
              {
                "enabled": false
              }
            ],
            "id": "bsi-audit-2-kunde-x-audit-data",
            "ip_filter": [],
            "labels": null,
            "lifecycle_rule": [],
            "location": "EUROPE-WEST4",
            "logging": [],
            "name": "bsi-audit-2-kunde-x-audit-data",
            "project": "bsi-audit-2",
            "project_number": 332161338002,
            "public_access_prevention": "inherited",
            "requester_pays": false,
            "retention_policy": [],
            "rpo": null,
            "self_link": "https://www.googleapis.com/storage/v1/b/bsi-audit-2-kunde-x-audit-data",
            "soft_delete_policy": [
              {
                "effective_time": "2025-07-01T13:24:27.601Z",
                "retention_duration_seconds": 604800
              }
            ],
            "storage_class": "STANDARD",
            "terraform_labels": {
              "goog-terraform-provisioned": "true"
            },
            "time_created": "2025-07-01T13:24:27.601Z",
            "timeouts": null,
            "uniform_bucket_level_access": true,
            "updated": "2025-07-01T13:24:27.601Z",
            "url": "gs://bsi-audit-2-kunde-x-audit-data",
            "versioning": [],
            "website": []
          },
          "sensitive_attributes": [],
          "private": "eyJlMmJmYjczMC1lY2FhLTExZTYtOGY4OC0zNDM2M2JjN2M0YzAiOnsiY3JlYXRlIjo2MDAwMDAwMDAwMDAsInJlYWQiOjI0MDAwMDAwMDAwMCwidXBkYXRlIjoyNDAwMDAwMDAwMDB9LCJzY2hlbWFfdmVyc2lvbiI6IjMifQ==",
          "dependencies": [
            "google_project_service.project_apis"
          ]
        }
      ]
    },
    {
      "mode": "managed",
      "type": "google_storage_bucket_iam_member",
      "name": "sa_gcs_access",
      "provider": "provider[\"registry.terraform.io/hashicorp/google\"]",
      "instances": [
        {
          "schema_version": 0,
          "attributes": {
            "bucket": "b/bsi-audit-2-kunde-x-audit-data",
            "condition": [],
            "etag": "CAI=",
            "id": "b/bsi-audit-2-kunde-x-audit-data/roles/storage.objectAdmin/serviceAccount:bsi-automator-sa@bsi-audit-2.iam.gserviceaccount.com",
            "member": "serviceAccount:bsi-automator-sa@bsi-audit-2.iam.gserviceaccount.com",
            "role": "roles/storage.objectAdmin"
          },
          "sensitive_attributes": [],
          "private": "bnVsbA==",
          "dependencies": [
            "google_project_service.project_apis",
            "google_service_account.bsi_job_sa",
            "google_storage_bucket.bsi_audit_bucket"
          ]
        }
      ]
    },
    {
      "mode": "managed",
      "type": "google_vertex_ai_index",
      "name": "bsi_audit_index",
      "provider": "provider[\"registry.terraform.io/hashicorp/google\"]",
      "instances": []
    },
    {
      "mode": "managed",
      "type": "google_vertex_ai_index_endpoint",
      "name": "bsi_audit_endpoint",
      "provider": "provider[\"registry.terraform.io/hashicorp/google\"]",
      "instances": [
        {
          "schema_version": 0,
          "attributes": {
            "create_time": "2025-07-01T13:24:40.989817Z",
            "description": "Endpoint for querying the BSI audit index.",
            "display_name": "bsi-audit-endpoint-kunde-x",
            "effective_labels": {
              "goog-terraform-provisioned": "true"
            },
            "etag": null,
            "id": "projects/bsi-audit-2/locations/europe-west4/indexEndpoints/5433329067631837184",
            "labels": null,
            "name": "5433329067631837184",
            "network": "projects/332161338002/global/networks/bsi-audit-vpc",
            "private_service_connect_config": [
              {
                "enable_private_service_connect": false,
                "project_allowlist": []
              }
            ],
            "project": "bsi-audit-2",
            "public_endpoint_domain_name": "",
            "public_endpoint_enabled": null,
            "region": "europe-west4",
            "terraform_labels": {
              "goog-terraform-provisioned": "true"
            },
            "timeouts": null,
            "update_time": "2025-07-01T13:26:23.223492Z"
          },
          "sensitive_attributes": [],
          "private": "eyJlMmJmYjczMC1lY2FhLTExZTYtOGY4OC0zNDM2M2JjN2M0YzAiOnsiY3JlYXRlIjoxMjAwMDAwMDAwMDAwLCJkZWxldGUiOjEyMDAwMDAwMDAwMDAsInVwZGF0ZSI6MTIwMDAwMDAwMDAwMH19",
          "dependencies": [
            "google_compute_network.bsi_vpc",
            "google_project_service.project_apis"
          ]
        }
      ]
    }
  ],
  "check_results": null
}
