{
  "version": 4,
  "terraform_version": "1.5.7",
  "serial": 264,
  "lineage": "7448eb0b-515a-6493-381c-7d36c09e86d2",
  "outputs": {
    "artifact_registry_repository_name": {
      "value": "bsi-audit-repo",
      "type": "string"
    },
    "artifact_registry_repository_url": {
      "value": "europe-west4-docker.pkg.dev/bsi-auditor-3/bsi-audit-repo",
      "type": "string"
    },
    "next_step_gcloud_command": {
      "value": "gcloud ai index-endpoints deploy-index 5813883236144644096 --index=9201469765229477888 --deployed-index-id=bsi_deployed_index --display-name=bsi_deployed_index --project=bsi-auditor-3 --region=europe-west4",
      "type": "string"
    },
    "project_id": {
      "value": "bsi-auditor-3",
      "type": "string"
    },
    "project_number": {
      "value": "60392965036",
      "type": "string"
    },
    "region": {
      "value": "europe-west4",
      "type": "string"
    },
    "service_account_email": {
      "value": "bsi-automator-sa@bsi-auditor-3.iam.gserviceaccount.com",
      "type": "string"
    },
    "subnet_name": {
      "value": "bsi-audit-subnet",
      "type": "string"
    },
    "vector_index_data_gcs_path": {
      "value": "gs://bsi-auditor-3-audit-data/vector_index_data/",
      "type": "string"
    },
    "vertex_ai_index_endpoint_id": {
      "value": "projects/bsi-auditor-3/locations/europe-west4/indexEndpoints/5813883236144644096",
      "type": "string"
    },
    "vertex_ai_index_id": {
      "value": "projects/bsi-auditor-3/locations/europe-west4/indexes/9201469765229477888",
      "type": "string"
    }
  },
  "resources": [
    {
      "mode": "data",
      "type": "google_project",
      "name": "project",
      "provider": "provider[\"registry.terraform.io/hashicorp/google\"]",
      "instances": [
        {
          "schema_version": 0,
          "attributes": {
            "auto_create_network": null,
            "billing_account": "005B97-2566EF-E89937",
            "deletion_policy": "PREVENT",
            "effective_labels": {},
            "folder_id": null,
            "id": "projects/bsi-auditor-3",
            "labels": {},
            "name": "BSI-auditor-3",
            "number": "60392965036",
            "org_id": null,
            "project_id": "bsi-auditor-3",
            "tags": null,
            "terraform_labels": {}
          },
          "sensitive_attributes": []
        }
      ]
    },
    {
      "mode": "managed",
      "type": "google_artifact_registry_repository",
      "name": "bsi_repo",
      "provider": "provider[\"registry.terraform.io/hashicorp/google-beta\"]",
      "instances": [
        {
          "schema_version": 0,
          "attributes": {
            "cleanup_policies": [],
            "cleanup_policy_dry_run": false,
            "create_time": "2025-07-03T15:12:06.167210Z",
            "description": "Docker repository for BSI Audit Automator jobs",
            "docker_config": [],
            "effective_labels": {
              "goog-terraform-provisioned": "true"
            },
            "format": "DOCKER",
            "id": "projects/bsi-auditor-3/locations/europe-west4/repositories/bsi-audit-repo",
            "kms_key_name": "",
            "labels": {},
            "location": "europe-west4",
            "maven_config": [],
            "mode": "STANDARD_REPOSITORY",
            "name": "bsi-audit-repo",
            "project": "bsi-auditor-3",
            "remote_repository_config": [],
            "repository_id": "bsi-audit-repo",
            "terraform_labels": {
              "goog-terraform-provisioned": "true"
            },
            "timeouts": null,
            "update_time": "2025-07-04T21:35:42.241487Z",
            "virtual_repository_config": [],
            "vulnerability_scanning_config": [
              {
                "enablement_config": "",
                "enablement_state": "SCANNING_DISABLED",
                "enablement_state_reason": "API containerscanning.googleapis.com is not enabled."
              }
            ]
          },
          "sensitive_attributes": [],
          "private": "eyJlMmJmYjczMC1lY2FhLTExZTYtOGY4OC0zNDM2M2JjN2M0YzAiOnsiY3JlYXRlIjoxMjAwMDAwMDAwMDAwLCJkZWxldGUiOjEyMDAwMDAwMDAwMDAsInVwZGF0ZSI6MTIwMDAwMDAwMDAwMH19",
          "dependencies": [
            "google_project_service.project_apis"
          ]
        }
      ]
    },
    {
      "mode": "managed",
      "type": "google_artifact_registry_repository_iam_member",
      "name": "cloudbuild_ar_writer",
      "provider": "provider[\"registry.terraform.io/hashicorp/google\"]",
      "instances": [
        {
          "schema_version": 0,
          "attributes": {
            "condition": [],
            "etag": "BwY5B82FmEQ=",
            "id": "projects/bsi-auditor-3/locations/europe-west4/repositories/bsi-audit-repo/roles/artifactregistry.writer/serviceAccount:60392965036@cloudbuild.gserviceaccount.com",
            "location": "europe-west4",
            "member": "serviceAccount:60392965036@cloudbuild.gserviceaccount.com",
            "project": "bsi-auditor-3",
            "repository": "projects/bsi-auditor-3/locations/europe-west4/repositories/bsi-audit-repo",
            "role": "roles/artifactregistry.writer"
          },
          "sensitive_attributes": [],
          "private": "bnVsbA==",
          "dependencies": [
            "google_artifact_registry_repository.bsi_repo",
            "google_project_service.project_apis"
          ]
        }
      ]
    },
    {
      "mode": "managed",
      "type": "google_compute_global_address",
      "name": "peering_range",
      "provider": "provider[\"registry.terraform.io/hashicorp/google\"]",
      "instances": [
        {
          "schema_version": 0,
          "attributes": {
            "address": "10.220.0.0",
            "address_type": "INTERNAL",
            "creation_timestamp": "2025-07-03T08:12:27.350-07:00",
            "description": "",
            "effective_labels": {
              "goog-terraform-provisioned": "true"
            },
            "id": "projects/bsi-auditor-3/global/addresses/vertex-ai-peering-range",
            "ip_version": "",
            "label_fingerprint": "vezUS-42LLM=",
            "labels": {},
            "name": "vertex-ai-peering-range",
            "network": "https://www.googleapis.com/compute/v1/projects/bsi-auditor-3/global/networks/bsi-audit-vpc",
            "prefix_length": 16,
            "project": "bsi-auditor-3",
            "purpose": "VPC_PEERING",
            "self_link": "https://www.googleapis.com/compute/v1/projects/bsi-auditor-3/global/addresses/vertex-ai-peering-range",
            "terraform_labels": {
              "goog-terraform-provisioned": "true"
            },
            "timeouts": null
          },
          "sensitive_attributes": [],
          "private": "eyJlMmJmYjczMC1lY2FhLTExZTYtOGY4OC0zNDM2M2JjN2M0YzAiOnsiY3JlYXRlIjoxMjAwMDAwMDAwMDAwLCJkZWxldGUiOjEyMDAwMDAwMDAwMDAsInVwZGF0ZSI6MTIwMDAwMDAwMDAwMH19",
          "dependencies": [
            "google_compute_network.bsi_vpc",
            "google_project_service.project_apis"
          ]
        }
      ]
    },
    {
      "mode": "managed",
      "type": "google_compute_network",
      "name": "bsi_vpc",
      "provider": "provider[\"registry.terraform.io/hashicorp/google\"]",
      "instances": [
        {
          "schema_version": 0,
          "attributes": {
            "auto_create_subnetworks": false,
            "bgp_always_compare_med": false,
            "bgp_best_path_selection_mode": "LEGACY",
            "bgp_inter_region_cost": "",
            "delete_default_routes_on_create": false,
            "description": "",
            "enable_ula_internal_ipv6": false,
            "gateway_ipv4": "",
            "id": "projects/bsi-auditor-3/global/networks/bsi-audit-vpc",
            "internal_ipv6_range": "",
            "mtu": 0,
            "name": "bsi-audit-vpc",
            "network_firewall_policy_enforcement_order": "AFTER_CLASSIC_FIREWALL",
            "network_id": "3838294941290406698",
            "network_profile": "",
            "numeric_id": "3838294941290406698",
            "project": "bsi-auditor-3",
            "routing_mode": "REGIONAL",
            "self_link": "https://www.googleapis.com/compute/v1/projects/bsi-auditor-3/global/networks/bsi-audit-vpc",
            "timeouts": null
          },
          "sensitive_attributes": [],
          "private": "eyJlMmJmYjczMC1lY2FhLTExZTYtOGY4OC0zNDM2M2JjN2M0YzAiOnsiY3JlYXRlIjoxMjAwMDAwMDAwMDAwLCJkZWxldGUiOjEyMDAwMDAwMDAwMDAsInVwZGF0ZSI6MTIwMDAwMDAwMDAwMH19",
          "dependencies": [
            "google_project_service.project_apis"
          ]
        }
      ]
    },
    {
      "mode": "managed",
      "type": "google_compute_subnetwork",
      "name": "bsi_audit_subnet",
      "provider": "provider[\"registry.terraform.io/hashicorp/google\"]",
      "instances": [
        {
          "schema_version": 0,
          "attributes": {
            "creation_timestamp": "2025-07-03T12:56:51.827-07:00",
            "description": "",
            "enable_flow_logs": false,
            "external_ipv6_prefix": "",
            "fingerprint": null,
            "gateway_address": "10.10.1.1",
            "id": "projects/bsi-auditor-3/regions/europe-west4/subnetworks/bsi-audit-subnet",
            "internal_ipv6_prefix": "",
            "ip_cidr_range": "10.10.1.0/24",
            "ip_collection": null,
            "ipv6_access_type": "",
            "ipv6_cidr_range": "",
            "ipv6_gce_endpoint": "",
            "log_config": [],
            "name": "bsi-audit-subnet",
            "network": "https://www.googleapis.com/compute/v1/projects/bsi-auditor-3/global/networks/bsi-audit-vpc",
            "private_ip_google_access": true,
            "private_ipv6_google_access": "DISABLE_GOOGLE_ACCESS",
            "project": "bsi-auditor-3",
            "purpose": "PRIVATE",
            "region": "europe-west4",
            "reserved_internal_range": "",
            "role": "",
            "secondary_ip_range": [],
            "self_link": "https://www.googleapis.com/compute/v1/projects/bsi-auditor-3/regions/europe-west4/subnetworks/bsi-audit-subnet",
            "send_secondary_ip_range_if_empty": null,
            "stack_type": "IPV4_ONLY",
            "state": "",
            "subnetwork_id": 8140233398708559468,
            "timeouts": null
          },
          "sensitive_attributes": [],
          "private": "eyJlMmJmYjczMC1lY2FhLTExZTYtOGY4OC0zNDM2M2JjN2M0YzAiOnsiY3JlYXRlIjoxMjAwMDAwMDAwMDAwLCJkZWxldGUiOjEyMDAwMDAwMDAwMDAsInVwZGF0ZSI6MTIwMDAwMDAwMDAwMH19",
          "dependencies": [
            "google_compute_network.bsi_vpc",
            "google_project_service.project_apis"
          ]
        }
      ]
    },
    {
      "mode": "managed",
      "type": "google_project_iam_member",
      "name": "sa_vertex_access",
      "provider": "provider[\"registry.terraform.io/hashicorp/google\"]",
      "instances": [
        {
          "schema_version": 0,
          "attributes": {
            "condition": [],
            "etag": "BwY5B83jGBc=",
            "id": "bsi-auditor-3/roles/aiplatform.user/serviceAccount:bsi-automator-sa@bsi-auditor-3.iam.gserviceaccount.com",
            "member": "serviceAccount:bsi-automator-sa@bsi-auditor-3.iam.gserviceaccount.com",
            "project": "bsi-auditor-3",
            "role": "roles/aiplatform.user"
          },
          "sensitive_attributes": [],
          "private": "bnVsbA==",
          "dependencies": [
            "google_project_service.project_apis",
            "google_service_account.bsi_job_sa"
          ]
        }
      ]
    },
    {
      "mode": "managed",
      "type": "google_project_service",
      "name": "project_apis",
      "provider": "provider[\"registry.terraform.io/hashicorp/google\"]",
      "instances": [
        {
          "index_key": "aiplatform.googleapis.com",
          "schema_version": 0,
          "attributes": {
            "disable_dependent_services": null,
            "disable_on_destroy": false,
            "id": "bsi-auditor-3/aiplatform.googleapis.com",
            "project": "bsi-auditor-3",
            "service": "aiplatform.googleapis.com",
            "timeouts": null
          },
          "sensitive_attributes": [],
          "private": "eyJlMmJmYjczMC1lY2FhLTExZTYtOGY4OC0zNDM2M2JjN2M0YzAiOnsiY3JlYXRlIjoxMjAwMDAwMDAwMDAwLCJkZWxldGUiOjEyMDAwMDAwMDAwMDAsInJlYWQiOjYwMDAwMDAwMDAwMCwidXBkYXRlIjoxMjAwMDAwMDAwMDAwfX0="
        },
        {
          "index_key": "artifactregistry.googleapis.com",
          "schema_version": 0,
          "attributes": {
            "disable_dependent_services": null,
            "disable_on_destroy": false,
            "id": "bsi-auditor-3/artifactregistry.googleapis.com",
            "project": "bsi-auditor-3",
            "service": "artifactregistry.googleapis.com",
            "timeouts": null
          },
          "sensitive_attributes": [],
          "private": "eyJlMmJmYjczMC1lY2FhLTExZTYtOGY4OC0zNDM2M2JjN2M0YzAiOnsiY3JlYXRlIjoxMjAwMDAwMDAwMDAwLCJkZWxldGUiOjEyMDAwMDAwMDAwMDAsInJlYWQiOjYwMDAwMDAwMDAwMCwidXBkYXRlIjoxMjAwMDAwMDAwMDAwfX0="
        },
        {
          "index_key": "cloudbuild.googleapis.com",
          "schema_version": 0,
          "attributes": {
            "disable_dependent_services": null,
            "disable_on_destroy": false,
            "id": "bsi-auditor-3/cloudbuild.googleapis.com",
            "project": "bsi-auditor-3",
            "service": "cloudbuild.googleapis.com",
            "timeouts": null
          },
          "sensitive_attributes": [],
          "private": "eyJlMmJmYjczMC1lY2FhLTExZTYtOGY4OC0zNDM2M2JjN2M0YzAiOnsiY3JlYXRlIjoxMjAwMDAwMDAwMDAwLCJkZWxldGUiOjEyMDAwMDAwMDAwMDAsInJlYWQiOjYwMDAwMDAwMDAwMCwidXBkYXRlIjoxMjAwMDAwMDAwMDAwfX0="
        },
        {
          "index_key": "cloudresourcemanager.googleapis.com",
          "schema_version": 0,
          "attributes": {
            "disable_dependent_services": null,
            "disable_on_destroy": false,
            "id": "bsi-auditor-3/cloudresourcemanager.googleapis.com",
            "project": "bsi-auditor-3",
            "service": "cloudresourcemanager.googleapis.com",
            "timeouts": null
          },
          "sensitive_attributes": [],
          "private": "eyJlMmJmYjczMC1lY2FhLTExZTYtOGY4OC0zNDM2M2JjN2M0YzAiOnsiY3JlYXRlIjoxMjAwMDAwMDAwMDAwLCJkZWxldGUiOjEyMDAwMDAwMDAwMDAsInJlYWQiOjYwMDAwMDAwMDAwMCwidXBkYXRlIjoxMjAwMDAwMDAwMDAwfX0="
        },
        {
          "index_key": "compute.googleapis.com",
          "schema_version": 0,
          "attributes": {
            "disable_dependent_services": null,
            "disable_on_destroy": false,
            "id": "bsi-auditor-3/compute.googleapis.com",
            "project": "bsi-auditor-3",
            "service": "compute.googleapis.com",
            "timeouts": null
          },
          "sensitive_attributes": [],
          "private": "eyJlMmJmYjczMC1lY2FhLTExZTYtOGY4OC0zNDM2M2JjN2M0YzAiOnsiY3JlYXRlIjoxMjAwMDAwMDAwMDAwLCJkZWxldGUiOjEyMDAwMDAwMDAwMDAsInJlYWQiOjYwMDAwMDAwMDAwMCwidXBkYXRlIjoxMjAwMDAwMDAwMDAwfX0="
        },
        {
          "index_key": "iam.googleapis.com",
          "schema_version": 0,
          "attributes": {
            "disable_dependent_services": null,
            "disable_on_destroy": false,
            "id": "bsi-auditor-3/iam.googleapis.com",
            "project": "bsi-auditor-3",
            "service": "iam.googleapis.com",
            "timeouts": null
          },
          "sensitive_attributes": [],
          "private": "eyJlMmJmYjczMC1lY2FhLTExZTYtOGY4OC0zNDM2M2JjN2M0YzAiOnsiY3JlYXRlIjoxMjAwMDAwMDAwMDAwLCJkZWxldGUiOjEyMDAwMDAwMDAwMDAsInJlYWQiOjYwMDAwMDAwMDAwMCwidXBkYXRlIjoxMjAwMDAwMDAwMDAwfX0="
        },
        {
          "index_key": "run.googleapis.com",
          "schema_version": 0,
          "attributes": {
            "disable_dependent_services": null,
            "disable_on_destroy": false,
            "id": "bsi-auditor-3/run.googleapis.com",
            "project": "bsi-auditor-3",
            "service": "run.googleapis.com",
            "timeouts": null
          },
          "sensitive_attributes": [],
          "private": "eyJlMmJmYjczMC1lY2FhLTExZTYtOGY4OC0zNDM2M2JjN2M0YzAiOnsiY3JlYXRlIjoxMjAwMDAwMDAwMDAwLCJkZWxldGUiOjEyMDAwMDAwMDAwMDAsInJlYWQiOjYwMDAwMDAwMDAwMCwidXBkYXRlIjoxMjAwMDAwMDAwMDAwfX0="
        },
        {
          "index_key": "servicenetworking.googleapis.com",
          "schema_version": 0,
          "attributes": {
            "disable_dependent_services": null,
            "disable_on_destroy": false,
            "id": "bsi-auditor-3/servicenetworking.googleapis.com",
            "project": "bsi-auditor-3",
            "service": "servicenetworking.googleapis.com",
            "timeouts": null
          },
          "sensitive_attributes": [],
          "private": "eyJlMmJmYjczMC1lY2FhLTExZTYtOGY4OC0zNDM2M2JjN2M0YzAiOnsiY3JlYXRlIjoxMjAwMDAwMDAwMDAwLCJkZWxldGUiOjEyMDAwMDAwMDAwMDAsInJlYWQiOjYwMDAwMDAwMDAwMCwidXBkYXRlIjoxMjAwMDAwMDAwMDAwfX0="
        },
        {
          "index_key": "storage.googleapis.com",
          "schema_version": 0,
          "attributes": {
            "disable_dependent_services": null,
            "disable_on_destroy": false,
            "id": "bsi-auditor-3/storage.googleapis.com",
            "project": "bsi-auditor-3",
            "service": "storage.googleapis.com",
            "timeouts": null
          },
          "sensitive_attributes": [],
          "private": "eyJlMmJmYjczMC1lY2FhLTExZTYtOGY4OC0zNDM2M2JjN2M0YzAiOnsiY3JlYXRlIjoxMjAwMDAwMDAwMDAwLCJkZWxldGUiOjEyMDAwMDAwMDAwMDAsInJlYWQiOjYwMDAwMDAwMDAwMCwidXBkYXRlIjoxMjAwMDAwMDAwMDAwfX0="
        }
      ]
    },
    {
      "mode": "managed",
      "type": "google_service_account",
      "name": "bsi_job_sa",
      "provider": "provider[\"registry.terraform.io/hashicorp/google\"]",
      "instances": [
        {
          "schema_version": 0,
          "attributes": {
            "account_id": "bsi-automator-sa",
            "create_ignore_already_exists": null,
            "description": "",
            "disabled": false,
            "display_name": "Service Account for BSI Audit Automator Job",
            "email": "bsi-automator-sa@bsi-auditor-3.iam.gserviceaccount.com",
            "id": "projects/bsi-auditor-3/serviceAccounts/bsi-automator-sa@bsi-auditor-3.iam.gserviceaccount.com",
            "member": "serviceAccount:bsi-automator-sa@bsi-auditor-3.iam.gserviceaccount.com",
            "name": "projects/bsi-auditor-3/serviceAccounts/bsi-automator-sa@bsi-auditor-3.iam.gserviceaccount.com",
            "project": "bsi-auditor-3",
            "timeouts": null,
            "unique_id": "106874528254732573450"
          },
          "sensitive_attributes": [],
          "private": "eyJlMmJmYjczMC1lY2FhLTExZTYtOGY4OC0zNDM2M2JjN2M0YzAiOnsiY3JlYXRlIjozMDAwMDAwMDAwMDB9fQ==",
          "dependencies": [
            "google_project_service.project_apis"
          ]
        }
      ]
    },
    {
      "mode": "managed",
      "type": "google_service_networking_connection",
      "name": "vertex_vpc_connection",
      "provider": "provider[\"registry.terraform.io/hashicorp/google\"]",
      "instances": [
        {
          "schema_version": 0,
          "attributes": {
            "deletion_policy": null,
            "id": "projects%2Fbsi-auditor-3%2Fglobal%2Fnetworks%2Fbsi-audit-vpc:servicenetworking.googleapis.com",
            "network": "projects/bsi-auditor-3/global/networks/bsi-audit-vpc",
            "peering": "servicenetworking-googleapis-com",
            "reserved_peering_ranges": [
              "vertex-ai-peering-range"
            ],
            "service": "servicenetworking.googleapis.com",
            "timeouts": null,
            "update_on_creation_fail": null
          },
          "sensitive_attributes": [],
          "private": "eyJlMmJmYjczMC1lY2FhLTExZTYtOGY4OC0zNDM2M2JjN2M0YzAiOnsiY3JlYXRlIjo2MDAwMDAwMDAwMDAsImRlbGV0ZSI6NjAwMDAwMDAwMDAwLCJ1cGRhdGUiOjYwMDAwMDAwMDAwMH19",
          "dependencies": [
            "google_compute_global_address.peering_range",
            "google_compute_network.bsi_vpc",
            "google_project_service.project_apis"
          ]
        }
      ]
    },
    {
      "mode": "managed",
      "type": "google_storage_bucket",
      "name": "bsi_audit_bucket",
      "provider": "provider[\"registry.terraform.io/hashicorp/google\"]",
      "instances": [
        {
          "schema_version": 3,
          "attributes": {
            "autoclass": [],
            "cors": [],
            "custom_placement_config": [],
            "default_event_based_hold": false,
            "effective_labels": {
              "goog-terraform-provisioned": "true"
            },
            "enable_object_retention": false,
            "encryption": [],
            "force_destroy": true,
            "hierarchical_namespace": [
              {
                "enabled": false
              }
            ],
            "id": "bsi-auditor-3-audit-data",
            "ip_filter": [],
            "labels": {},
            "lifecycle_rule": [],
            "location": "EUROPE-WEST4",
            "logging": [],
            "name": "bsi-auditor-3-audit-data",
            "project": "bsi-auditor-3",
            "project_number": 60392965036,
            "public_access_prevention": "inherited",
            "requester_pays": false,
            "retention_policy": [],
            "rpo": null,
            "self_link": "https://www.googleapis.com/storage/v1/b/bsi-auditor-3-audit-data",
            "soft_delete_policy": [
              {
                "effective_time": "2025-07-03T15:12:06.057Z",
                "retention_duration_seconds": 604800
              }
            ],
            "storage_class": "STANDARD",
            "terraform_labels": {
              "goog-terraform-provisioned": "true"
            },
            "time_created": "2025-07-03T15:12:06.057Z",
            "timeouts": null,
            "uniform_bucket_level_access": true,
            "updated": "2025-07-03T15:12:18.125Z",
            "url": "gs://bsi-auditor-3-audit-data",
            "versioning": [],
            "website": []
          },
          "sensitive_attributes": [],
          "private": "eyJlMmJmYjczMC1lY2FhLTExZTYtOGY4OC0zNDM2M2JjN2M0YzAiOnsiY3JlYXRlIjo2MDAwMDAwMDAwMDAsInJlYWQiOjI0MDAwMDAwMDAwMCwidXBkYXRlIjoyNDAwMDAwMDAwMDB9LCJzY2hlbWFfdmVyc2lvbiI6IjMifQ==",
          "dependencies": [
            "google_project_service.project_apis"
          ]
        }
      ]
    },
    {
      "mode": "managed",
      "type": "google_storage_bucket_iam_member",
      "name": "sa_gcs_access",
      "provider": "provider[\"registry.terraform.io/hashicorp/google\"]",
      "instances": [
        {
          "schema_version": 0,
          "attributes": {
            "bucket": "b/bsi-auditor-3-audit-data",
            "condition": [],
            "etag": "CAI=",
            "id": "b/bsi-auditor-3-audit-data/roles/storage.objectAdmin/serviceAccount:bsi-automator-sa@bsi-auditor-3.iam.gserviceaccount.com",
            "member": "serviceAccount:bsi-automator-sa@bsi-auditor-3.iam.gserviceaccount.com",
            "role": "roles/storage.objectAdmin"
          },
          "sensitive_attributes": [],
          "private": "bnVsbA==",
          "dependencies": [
            "google_project_service.project_apis",
            "google_service_account.bsi_job_sa",
            "google_storage_bucket.bsi_audit_bucket"
          ]
        }
      ]
    },
    {
      "mode": "managed",
      "type": "google_storage_bucket_object",
      "name": "json_placeholder",
      "provider": "provider[\"registry.terraform.io/hashicorp/google\"]",
      "instances": [
        {
          "schema_version": 0,
          "attributes": {
            "bucket": "bsi-auditor-3-audit-data",
            "cache_control": "",
            "content": "{\"id\": \"DUMMY\", \"sparse_embedding\": {\"values\": [0.1, 0.2], \"dimensions\": [1, 4]}}\n",
            "content_disposition": "",
            "content_encoding": "",
            "content_language": "",
            "content_type": "application/json",
            "crc32c": "S74iXQ==",
            "customer_encryption": [],
            "detect_md5hash": "r17sbHOBqJGjzlB6hWbLhw==",
            "event_based_hold": false,
            "generation": 1751558070837504,
            "id": "bsi-auditor-3-audit-data-vector_index_data/placeholder.json",
            "kms_key_name": "",
            "md5hash": "r17sbHOBqJGjzlB6hWbLhw==",
            "md5hexhash": "af5eec6c7381a891a3ce507a8566cb87",
            "media_link": "https://storage.googleapis.com/download/storage/v1/b/bsi-auditor-3-audit-data/o/vector_index_data%2Fplaceholder.json?generation=1751558070837504\u0026alt=media",
            "metadata": {},
            "name": "vector_index_data/placeholder.json",
            "output_name": "vector_index_data/placeholder.json",
            "retention": [],
            "self_link": "https://www.googleapis.com/storage/v1/b/bsi-auditor-3-audit-data/o/vector_index_data%2Fplaceholder.json",
            "source": null,
            "source_md5hash": "",
            "storage_class": "STANDARD",
            "temporary_hold": false,
            "timeouts": null
          },
          "sensitive_attributes": [],
          "private": "eyJlMmJmYjczMC1lY2FhLTExZTYtOGY4OC0zNDM2M2JjN2M0YzAiOnsiY3JlYXRlIjoyNDAwMDAwMDAwMDAsImRlbGV0ZSI6MjQwMDAwMDAwMDAwLCJ1cGRhdGUiOjI0MDAwMDAwMDAwMH19",
          "dependencies": [
            "google_project_service.project_apis",
            "google_storage_bucket.bsi_audit_bucket"
          ]
        }
      ]
    },
    {
      "mode": "managed",
      "type": "google_vertex_ai_index",
      "name": "bsi_audit_index",
      "provider": "provider[\"registry.terraform.io/hashicorp/google\"]",
      "instances": [
        {
          "schema_version": 0,
          "attributes": {
            "create_time": "2025-07-03T15:54:31.121120Z",
            "deployed_indexes": [
              {
                "deployed_index_id": "bsi_deployed_index_kunde_x",
                "index_endpoint": "projects/60392965036/locations/europe-west4/indexEndpoints/5813883236144644096"
              }
            ],
            "description": "Vector search index for BSI audit documents for project bsi-auditor-3.",
            "display_name": "bsi-audit-index",
            "effective_labels": {
              "goog-terraform-provisioned": "true"
            },
            "etag": null,
            "id": "projects/bsi-auditor-3/locations/europe-west4/indexes/9201469765229477888",
            "index_stats": [
              {
                "shards_count": 1,
                "vectors_count": "9730"
              }
            ],
            "index_update_method": "BATCH_UPDATE",
            "labels": {},
            "metadata": [
              {
                "config": [
                  {
                    "algorithm_config": [
                      {
                        "brute_force_config": [],
                        "tree_ah_config": [
                          {
                            "leaf_node_embedding_count": 500,
                            "leaf_nodes_to_search_percent": 10
                          }
                        ]
                      }
                    ],
                    "approximate_neighbors_count": 150,
                    "dimensions": 3072,
                    "distance_measure_type": "DOT_PRODUCT_DISTANCE",
                    "feature_norm_type": "NONE",
                    "shard_size": "SHARD_SIZE_MEDIUM"
                  }
                ],
                "contents_delta_uri": "gs://bsi-auditor-3-audit-data/vector_index_data/",
                "is_complete_overwrite": false
              }
            ],
            "metadata_schema_uri": "gs://google-cloud-aiplatform/schema/matchingengine/metadata/nearest_neighbor_search_1.0.0.yaml",
            "name": "9201469765229477888",
            "project": "bsi-auditor-3",
            "region": "europe-west4",
            "terraform_labels": {
              "goog-terraform-provisioned": "true"
            },
            "timeouts": null,
            "update_time": "2025-07-04T14:06:01.886247Z"
          },
          "sensitive_attributes": [],
          "private": "eyJlMmJmYjczMC1lY2FhLTExZTYtOGY4OC0zNDM2M2JjN2M0YzAiOnsiY3JlYXRlIjoxMDgwMDAwMDAwMDAwMCwiZGVsZXRlIjoxMDgwMDAwMDAwMDAwMCwidXBkYXRlIjoxMDgwMDAwMDAwMDAwMH19",
          "dependencies": [
            "google_project_service.project_apis",
            "google_storage_bucket.bsi_audit_bucket",
            "google_storage_bucket_object.json_placeholder"
          ]
        }
      ]
    },
    {
      "mode": "managed",
      "type": "google_vertex_ai_index_endpoint",
      "name": "bsi_audit_endpoint",
      "provider": "provider[\"registry.terraform.io/hashicorp/google\"]",
      "instances": [
        {
          "schema_version": 0,
          "attributes": {
            "create_time": "2025-07-03T16:26:52.491771Z",
            "description": "Endpoint for querying the BSI audit index for project bsi-auditor-3.",
            "display_name": "bsi-audit-endpoint",
            "effective_labels": {
              "goog-terraform-provisioned": "true"
            },
            "etag": null,
            "id": "projects/bsi-auditor-3/locations/europe-west4/indexEndpoints/5813883236144644096",
            "labels": {},
            "name": "5813883236144644096",
            "network": "projects/60392965036/global/networks/bsi-audit-vpc",
            "private_service_connect_config": [
              {
                "enable_private_service_connect": false,
                "project_allowlist": []
              }
            ],
            "project": "bsi-auditor-3",
            "public_endpoint_domain_name": "",
            "public_endpoint_enabled": null,
            "region": "europe-west4",
            "terraform_labels": {
              "goog-terraform-provisioned": "true"
            },
            "timeouts": null,
            "update_time": "2025-07-03T16:26:57.470705Z"
          },
          "sensitive_attributes": [],
          "private": "eyJlMmJmYjczMC1lY2FhLTExZTYtOGY4OC0zNDM2M2JjN2M0YzAiOnsiY3JlYXRlIjoxMjAwMDAwMDAwMDAwLCJkZWxldGUiOjEyMDAwMDAwMDAwMDAsInVwZGF0ZSI6MTIwMDAwMDAwMDAwMH19",
          "dependencies": [
            "google_compute_global_address.peering_range",
            "google_compute_network.bsi_vpc",
            "google_project_service.project_apis",
            "google_service_networking_connection.vertex_vpc_connection",
            "google_storage_bucket.bsi_audit_bucket",
            "google_storage_bucket_object.json_placeholder",
            "google_vertex_ai_index.bsi_audit_index"
          ]
        }
      ]
    }
  ],
  "check_results": null
}
